
Microsoft Visual Studio Solution File, Format Version 12.00
Project("{FAE04EC0-301F-11D3-BF4B-00C04F79EFBC}") = "Lab1.Domain", "Lab1.Domain\Lab1.Domain.csproj", "{DA2F5201-10FE-44E6-87D7-3AF2DEC4BF33}"
EndProject
Project("{FAE04EC0-301F-11D3-BF4B-00C04F79EFBC}") = "Lab1.Repository", "Lab1.Repository\Lab1.Repository.csproj", "{956C9D6C-DE68-43E1-A9CD-22FCB5CBF617}"
EndProject
Project("{FAE04EC0-301F-11D3-BF4B-00C04F79EFBC}") = "Lab1.Service", "Lab1.Service\Lab1.Service.csproj", "{213386ED-987D-4CA5-8B2F-1109B134BB59}"
EndProject
Project("{FAE04EC0-301F-11D3-BF4B-00C04F79EFBC}") = "WebApp", "WebApp\WebApp.csproj", "{31C42D98-ED1F-4FCC-9B5C-1919A864401E}"
EndProject
Global
	GlobalSection(SolutionConfigurationPlatforms) = preSolution
		Debug|Any CPU = Debug|Any CPU
		Release|Any CPU = Release|Any CPU
	EndGlobalSection
	GlobalSection(ProjectConfigurationPlatforms) = postSolution
		{DA2F5201-10FE-44E6-87D7-3AF2DEC4BF33}.Debug|Any CPU.ActiveCfg = Debug|Any CPU
		{DA2F5201-10FE-44E6-87D7-3AF2DEC4BF33}.Debug|Any CPU.Build.0 = Debug|Any CPU
		{DA2F5201-10FE-44E6-87D7-3AF2DEC4BF33}.Release|Any CPU.ActiveCfg = Release|Any CPU
		{DA2F5201-10FE-44E6-87D7-3AF2DEC4BF33}.Release|Any CPU.Build.0 = Release|Any CPU
		{956C9D6C-DE68-43E1-A9CD-22FCB5CBF617}.Debug|Any CPU.ActiveCfg = Debug|Any CPU
		{956C9D6C-DE68-43E1-A9CD-22FCB5CBF617}.Debug|Any CPU.Build.0 = Debug|Any CPU
		{956C9D6C-DE68-43E1-A9CD-22FCB5CBF617}.Release|Any CPU.ActiveCfg = Release|Any CPU
		{956C9D6C-DE68-43E1-A9CD-22FCB5CBF617}.Release|Any CPU.Build.0 = Release|Any CPU
		{213386ED-987D-4CA5-8B2F-1109B134BB59}.Debug|Any CPU.ActiveCfg = Debug|Any CPU
		{213386ED-987D-4CA5-8B2F-1109B134BB59}.Debug|Any CPU.Build.0 = Debug|Any CPU
		{213386ED-987D-4CA5-8B2F-1109B134BB59}.Release|Any CPU.ActiveCfg = Release|Any CPU
		{213386ED-987D-4CA5-8B2F-1109B134BB59}.Release|Any CPU.Build.0 = Release|Any CPU
		{31C42D98-ED1F-4FCC-9B5C-1919A864401E}.Debug|Any CPU.ActiveCfg = Debug|Any CPU
		{31C42D98-ED1F-4FCC-9B5C-1919A864401E}.Debug|Any CPU.Build.0 = Debug|Any CPU
		{31C42D98-ED1F-4FCC-9B5C-1919A864401E}.Release|Any CPU.ActiveCfg = Release|Any CPU
		{31C42D98-ED1F-4FCC-9B5C-1919A864401E}.Release|Any CPU.Build.0 = Release|Any CPU
	EndGlobalSection
EndGlobal
